// !$*UTF8*$!
{
	archiveVersion = 1;
	classes = {
	};
	objectVersion = 46;
	objects = {

/* Begin PBXBuildFile section */
		293BF7831CB01E28006CEC43 /* Network.swift in Sources */ = {isa = PBXBuildFile; fileRef = 293BF7821CB01E28006CEC43 /* Network.swift */; };
		293BF7851CB020AD006CEC43 /* NetworkMessage.swift in Sources */ = {isa = PBXBuildFile; fileRef = 293BF7841CB020AD006CEC43 /* NetworkMessage.swift */; };
		293BF7871CB02361006CEC43 /* Request.swift in Sources */ = {isa = PBXBuildFile; fileRef = 293BF7861CB02361006CEC43 /* Request.swift */; };
		293BF7891CB025B1006CEC43 /* API.swift in Sources */ = {isa = PBXBuildFile; fileRef = 293BF7881CB025B1006CEC43 /* API.swift */; };
		293BF78B1CB02B1E006CEC43 /* Sugars.swift in Sources */ = {isa = PBXBuildFile; fileRef = 293BF78A1CB02B1E006CEC43 /* Sugars.swift */; };
		293BF78E1CB02FB8006CEC43 /* Locker.swift in Sources */ = {isa = PBXBuildFile; fileRef = 293BF78D1CB02FB8006CEC43 /* Locker.swift */; };
		293BF7901CB1220E006CEC43 /* OfflineView.swift in Sources */ = {isa = PBXBuildFile; fileRef = 293BF78F1CB1220E006CEC43 /* OfflineView.swift */; };
		293BF7921CB123B0006CEC43 /* Reachability.swift in Sources */ = {isa = PBXBuildFile; fileRef = 293BF7911CB123B0006CEC43 /* Reachability.swift */; };
		2947FC2B1CB2F0CA00DF058C /* Light.swift in Sources */ = {isa = PBXBuildFile; fileRef = 2947FC2A1CB2F0CA00DF058C /* Light.swift */; };
		2947FC2D1CB2F87600DF058C /* Constraints.swift in Sources */ = {isa = PBXBuildFile; fileRef = 2947FC2C1CB2F87600DF058C /* Constraints.swift */; };
		2947FC301CB2F9D400DF058C /* Bluetooth.swift in Sources */ = {isa = PBXBuildFile; fileRef = 2947FC2F1CB2F9D400DF058C /* Bluetooth.swift */; };
		294DDE421CA696B60020E986 /* LightsController.swift in Sources */ = {isa = PBXBuildFile; fileRef = 294DDE411CA696B60020E986 /* LightsController.swift */; };
		294DDE441CA696EF0020E986 /* StartController.swift in Sources */ = {isa = PBXBuildFile; fileRef = 294DDE431CA696EF0020E986 /* StartController.swift */; };
		294DDE471CA697800020E986 /* StartView.swift in Sources */ = {isa = PBXBuildFile; fileRef = 294DDE461CA697800020E986 /* StartView.swift */; };
		294DDE4C1CA6A6F20020E986 /* UIView+Shadow.swift in Sources */ = {isa = PBXBuildFile; fileRef = 294DDE4B1CA6A6F20020E986 /* UIView+Shadow.swift */; };
		294DDE4E1CA6A8020020E986 /* Color.swift in Sources */ = {isa = PBXBuildFile; fileRef = 294DDE4D1CA6A8020020E986 /* Color.swift */; };
		294DDE501CA6ADAE0020E986 /* Font.swift in Sources */ = {isa = PBXBuildFile; fileRef = 294DDE4F1CA6ADAE0020E986 /* Font.swift */; };
		294DDE521CA6AE4E0020E986 /* Brandon_bld.otf in Resources */ = {isa = PBXBuildFile; fileRef = 294DDE511CA6AE4E0020E986 /* Brandon_bld.otf */; };
		294DDE561CA6B6DE0020E986 /* Image.swift in Sources */ = {isa = PBXBuildFile; fileRef = 294DDE551CA6B6DE0020E986 /* Image.swift */; };
		294DDE5B1CA6F3D80020E986 /* ExplanationView.swift in Sources */ = {isa = PBXBuildFile; fileRef = 294DDE5A1CA6F3D80020E986 /* ExplanationView.swift */; };
		294DDE5D1CA6F9BE0020E986 /* Text.swift in Sources */ = {isa = PBXBuildFile; fileRef = 294DDE5C1CA6F9BE0020E986 /* Text.swift */; };
		294DDE5F1CA6FB490020E986 /* TextAttributes.swift in Sources */ = {isa = PBXBuildFile; fileRef = 294DDE5E1CA6FB490020E986 /* TextAttributes.swift */; };
		294DDE611CA7F9280020E986 /* PairingController.swift in Sources */ = {isa = PBXBuildFile; fileRef = 294DDE601CA7F9280020E986 /* PairingController.swift */; };
		294DDE631CA839D60020E986 /* PairedView.swift in Sources */ = {isa = PBXBuildFile; fileRef = 294DDE621CA839D60020E986 /* PairedView.swift */; };
		294DDE651CA9719E0020E986 /* TapViewController.swift in Sources */ = {isa = PBXBuildFile; fileRef = 294DDE641CA9719E0020E986 /* TapViewController.swift */; };
		294DDE681CA976A20020E986 /* EditingView.swift in Sources */ = {isa = PBXBuildFile; fileRef = 294DDE671CA976A10020E986 /* EditingView.swift */; };
		294DDE6B1CAAE3B00020E986 /* Brandon_reg.otf in Resources */ = {isa = PBXBuildFile; fileRef = 294DDE691CAAE3B00020E986 /* Brandon_reg.otf */; };
		294DDE6C1CAAE3B00020E986 /* Brandon_light.otf in Resources */ = {isa = PBXBuildFile; fileRef = 294DDE6A1CAAE3B00020E986 /* Brandon_light.otf */; };
		294DDE6E1CAAEBA30020E986 /* DetailButton.swift in Sources */ = {isa = PBXBuildFile; fileRef = 294DDE6D1CAAEBA30020E986 /* DetailButton.swift */; };
		2982B7F41C7BBCE600270C74 /* AppDelegate.swift in Sources */ = {isa = PBXBuildFile; fileRef = 2982B7F31C7BBCE600270C74 /* AppDelegate.swift */; };
		2982B80A1C7BBE1000270C74 /* Assets.xcassets in Resources */ = {isa = PBXBuildFile; fileRef = 2982B8061C7BBE1000270C74 /* Assets.xcassets */; };
		2982B80B1C7BBE1000270C74 /* LaunchScreen.storyboard in Resources */ = {isa = PBXBuildFile; fileRef = 2982B8071C7BBE1000270C74 /* LaunchScreen.storyboard */; };
		EB3FC10503B5EB61D1269CA4 /* Pods_Lights.framework in Frameworks */ = {isa = PBXBuildFile; fileRef = 745D1C4EAACC70B9F1B0D246 /* Pods_Lights.framework */; };
/* End PBXBuildFile section */

/* Begin PBXFileReference section */
		293BF7821CB01E28006CEC43 /* Network.swift */ = {isa = PBXFileReference; fileEncoding = 4; lastKnownFileType = sourcecode.swift; path = Network.swift; sourceTree = "<group>"; };
		293BF7841CB020AD006CEC43 /* NetworkMessage.swift */ = {isa = PBXFileReference; fileEncoding = 4; lastKnownFileType = sourcecode.swift; path = NetworkMessage.swift; sourceTree = "<group>"; };
		293BF7861CB02361006CEC43 /* Request.swift */ = {isa = PBXFileReference; fileEncoding = 4; lastKnownFileType = sourcecode.swift; path = Request.swift; sourceTree = "<group>"; };
		293BF7881CB025B1006CEC43 /* API.swift */ = {isa = PBXFileReference; fileEncoding = 4; lastKnownFileType = sourcecode.swift; path = API.swift; sourceTree = "<group>"; };
		293BF78A1CB02B1E006CEC43 /* Sugars.swift */ = {isa = PBXFileReference; fileEncoding = 4; lastKnownFileType = sourcecode.swift; path = Sugars.swift; sourceTree = "<group>"; };
		293BF78D1CB02FB8006CEC43 /* Locker.swift */ = {isa = PBXFileReference; fileEncoding = 4; lastKnownFileType = sourcecode.swift; path = Locker.swift; sourceTree = "<group>"; };
		293BF78F1CB1220E006CEC43 /* OfflineView.swift */ = {isa = PBXFileReference; fileEncoding = 4; lastKnownFileType = sourcecode.swift; path = OfflineView.swift; sourceTree = "<group>"; };
		293BF7911CB123B0006CEC43 /* Reachability.swift */ = {isa = PBXFileReference; fileEncoding = 4; lastKnownFileType = sourcecode.swift; path = Reachability.swift; sourceTree = "<group>"; };
		2947FC2A1CB2F0CA00DF058C /* Light.swift */ = {isa = PBXFileReference; fileEncoding = 4; lastKnownFileType = sourcecode.swift; path = Light.swift; sourceTree = "<group>"; };
		2947FC2C1CB2F87600DF058C /* Constraints.swift */ = {isa = PBXFileReference; fileEncoding = 4; lastKnownFileType = sourcecode.swift; path = Constraints.swift; sourceTree = "<group>"; };
		2947FC2F1CB2F9D400DF058C /* Bluetooth.swift */ = {isa = PBXFileReference; fileEncoding = 4; lastKnownFileType = sourcecode.swift; path = Bluetooth.swift; sourceTree = "<group>"; };
		294DDE411CA696B60020E986 /* LightsController.swift */ = {isa = PBXFileReference; fileEncoding = 4; lastKnownFileType = sourcecode.swift; path = LightsController.swift; sourceTree = "<group>"; };
		294DDE431CA696EF0020E986 /* StartController.swift */ = {isa = PBXFileReference; fileEncoding = 4; lastKnownFileType = sourcecode.swift; path = StartController.swift; sourceTree = "<group>"; };
		294DDE461CA697800020E986 /* StartView.swift */ = {isa = PBXFileReference; fileEncoding = 4; lastKnownFileType = sourcecode.swift; path = StartView.swift; sourceTree = "<group>"; };
		294DDE4B1CA6A6F20020E986 /* UIView+Shadow.swift */ = {isa = PBXFileReference; fileEncoding = 4; lastKnownFileType = sourcecode.swift; path = "UIView+Shadow.swift"; sourceTree = "<group>"; };
		294DDE4D1CA6A8020020E986 /* Color.swift */ = {isa = PBXFileReference; fileEncoding = 4; lastKnownFileType = sourcecode.swift; path = Color.swift; sourceTree = "<group>"; };
		294DDE4F1CA6ADAE0020E986 /* Font.swift */ = {isa = PBXFileReference; fileEncoding = 4; lastKnownFileType = sourcecode.swift; path = Font.swift; sourceTree = "<group>"; };
		294DDE511CA6AE4E0020E986 /* Brandon_bld.otf */ = {isa = PBXFileReference; lastKnownFileType = file; path = Brandon_bld.otf; sourceTree = "<group>"; };
		294DDE551CA6B6DE0020E986 /* Image.swift */ = {isa = PBXFileReference; fileEncoding = 4; lastKnownFileType = sourcecode.swift; path = Image.swift; sourceTree = "<group>"; };
		294DDE5A1CA6F3D80020E986 /* ExplanationView.swift */ = {isa = PBXFileReference; fileEncoding = 4; lastKnownFileType = sourcecode.swift; path = ExplanationView.swift; sourceTree = "<group>"; };
		294DDE5C1CA6F9BE0020E986 /* Text.swift */ = {isa = PBXFileReference; fileEncoding = 4; lastKnownFileType = sourcecode.swift; path = Text.swift; sourceTree = "<group>"; };
		294DDE5E1CA6FB490020E986 /* TextAttributes.swift */ = {isa = PBXFileReference; fileEncoding = 4; lastKnownFileType = sourcecode.swift; path = TextAttributes.swift; sourceTree = "<group>"; };
		294DDE601CA7F9280020E986 /* PairingController.swift */ = {isa = PBXFileReference; fileEncoding = 4; lastKnownFileType = sourcecode.swift; path = PairingController.swift; sourceTree = "<group>"; };
		294DDE621CA839D60020E986 /* PairedView.swift */ = {isa = PBXFileReference; fileEncoding = 4; lastKnownFileType = sourcecode.swift; path = PairedView.swift; sourceTree = "<group>"; };
		294DDE641CA9719E0020E986 /* TapViewController.swift */ = {isa = PBXFileReference; fileEncoding = 4; lastKnownFileType = sourcecode.swift; path = TapViewController.swift; sourceTree = "<group>"; };
		294DDE671CA976A10020E986 /* EditingView.swift */ = {isa = PBXFileReference; fileEncoding = 4; lastKnownFileType = sourcecode.swift; path = EditingView.swift; sourceTree = "<group>"; };
		294DDE691CAAE3B00020E986 /* Brandon_reg.otf */ = {isa = PBXFileReference; lastKnownFileType = file; path = Brandon_reg.otf; sourceTree = "<group>"; };
		294DDE6A1CAAE3B00020E986 /* Brandon_light.otf */ = {isa = PBXFileReference; lastKnownFileType = file; path = Brandon_light.otf; sourceTree = "<group>"; };
		294DDE6D1CAAEBA30020E986 /* DetailButton.swift */ = {isa = PBXFileReference; fileEncoding = 4; lastKnownFileType = sourcecode.swift; path = DetailButton.swift; sourceTree = "<group>"; };
		2982B7F01C7BBCE600270C74 /* Lights.app */ = {isa = PBXFileReference; explicitFileType = wrapper.application; includeInIndex = 0; path = Lights.app; sourceTree = BUILT_PRODUCTS_DIR; };
		2982B7F31C7BBCE600270C74 /* AppDelegate.swift */ = {isa = PBXFileReference; lastKnownFileType = sourcecode.swift; path = AppDelegate.swift; sourceTree = "<group>"; };
		2982B8061C7BBE1000270C74 /* Assets.xcassets */ = {isa = PBXFileReference; lastKnownFileType = folder.assetcatalog; path = Assets.xcassets; sourceTree = "<group>"; };
		2982B8081C7BBE1000270C74 /* Base */ = {isa = PBXFileReference; lastKnownFileType = file.storyboard; name = Base; path = Base.lproj/LaunchScreen.storyboard; sourceTree = "<group>"; };
		2982B8091C7BBE1000270C74 /* Info.plist */ = {isa = PBXFileReference; fileEncoding = 4; lastKnownFileType = text.plist.xml; path = Info.plist; sourceTree = "<group>"; };
		6C3DD2C48B24096C040ACC2D /* Pods.framework */ = {isa = PBXFileReference; explicitFileType = wrapper.framework; includeInIndex = 0; path = Pods.framework; sourceTree = BUILT_PRODUCTS_DIR; };
		745D1C4EAACC70B9F1B0D246 /* Pods_Lights.framework */ = {isa = PBXFileReference; explicitFileType = wrapper.framework; includeInIndex = 0; path = Pods_Lights.framework; sourceTree = BUILT_PRODUCTS_DIR; };
		A8F6A30DCDF4F964649ED6FB /* Pods-Lights.debug.xcconfig */ = {isa = PBXFileReference; includeInIndex = 1; lastKnownFileType = text.xcconfig; name = "Pods-Lights.debug.xcconfig"; path = "Pods/Target Support Files/Pods-Lights/Pods-Lights.debug.xcconfig"; sourceTree = "<group>"; };
		BE4A362496197B84B17D17C9 /* Pods-Lights.release.xcconfig */ = {isa = PBXFileReference; includeInIndex = 1; lastKnownFileType = text.xcconfig; name = "Pods-Lights.release.xcconfig"; path = "Pods/Target Support Files/Pods-Lights/Pods-Lights.release.xcconfig"; sourceTree = "<group>"; };
/* End PBXFileReference section */

/* Begin PBXFrameworksBuildPhase section */
		2982B7ED1C7BBCE600270C74 /* Frameworks */ = {
			isa = PBXFrameworksBuildPhase;
			buildActionMask = 2147483647;
			files = (
				EB3FC10503B5EB61D1269CA4 /* Pods_Lights.framework in Frameworks */,
			);
			runOnlyForDeploymentPostprocessing = 0;
		};
/* End PBXFrameworksBuildPhase section */

/* Begin PBXGroup section */
		27FD729C2832C41FB37E0ACC /* Frameworks */ = {
			isa = PBXGroup;
			children = (
				6C3DD2C48B24096C040ACC2D /* Pods.framework */,
				745D1C4EAACC70B9F1B0D246 /* Pods_Lights.framework */,
			);
			name = Frameworks;
			sourceTree = "<group>";
		};
		293BF7811CB01DE6006CEC43 /* Network */ = {
			isa = PBXGroup;
			children = (
				293BF7821CB01E28006CEC43 /* Network.swift */,
				293BF7841CB020AD006CEC43 /* NetworkMessage.swift */,
				293BF7861CB02361006CEC43 /* Request.swift */,
			);
			path = Network;
			sourceTree = "<group>";
		};
		293BF78C1CB02FB1006CEC43 /* Locker */ = {
			isa = PBXGroup;
			children = (
				293BF78D1CB02FB8006CEC43 /* Locker.swift */,
			);
			path = Locker;
			sourceTree = "<group>";
		};
		2947FC291CB2F0B900DF058C /* Models */ = {
			isa = PBXGroup;
			children = (
				2947FC2A1CB2F0CA00DF058C /* Light.swift */,
			);
			path = Models;
			sourceTree = "<group>";
		};
		2947FC2E1CB2F9B400DF058C /* Bluetooth */ = {
			isa = PBXGroup;
			children = (
				2947FC2F1CB2F9D400DF058C /* Bluetooth.swift */,
			);
			path = Bluetooth;
			sourceTree = "<group>";
		};
		294DDE3B1CA696390020E986 /* Editing */ = {
			isa = PBXGroup;
			children = (
				294DDE661CA9768B0020E986 /* Views */,
				294DDE411CA696B60020E986 /* LightsController.swift */,
			);
			path = Editing;
			sourceTree = "<group>";
		};
		294DDE3C1CA696450020E986 /* Explanation */ = {
			isa = PBXGroup;
			children = (
				294DDE451CA697650020E986 /* Views */,
				294DDE431CA696EF0020E986 /* StartController.swift */,
			);
			path = Explanation;
			sourceTree = "<group>";
		};
		294DDE3D1CA696500020E986 /* Pairing */ = {
			isa = PBXGroup;
			children = (
				294DDE601CA7F9280020E986 /* PairingController.swift */,
			);
			path = Pairing;
			sourceTree = "<group>";
		};
		294DDE3E1CA6966A0020E986 /* Paired */ = {
			isa = PBXGroup;
			children = (
				294DDE621CA839D60020E986 /* PairedView.swift */,
			);
			path = Paired;
			sourceTree = "<group>";
		};
		294DDE3F1CA6968B0020E986 /* Library */ = {
			isa = PBXGroup;
			children = (
				2947FC2E1CB2F9B400DF058C /* Bluetooth */,
				2947FC291CB2F0B900DF058C /* Models */,
				293BF78C1CB02FB1006CEC43 /* Locker */,
				293BF7811CB01DE6006CEC43 /* Network */,
				294DDE481CA698790020E986 /* Convenience */,
				294DDE401CA696950020E986 /* Constants */,
				294DDE591CA6F3B90020E986 /* Views */,
			);
			path = Library;
			sourceTree = "<group>";
		};
		294DDE401CA696950020E986 /* Constants */ = {
			isa = PBXGroup;
			children = (
				294DDE4D1CA6A8020020E986 /* Color.swift */,
				294DDE4F1CA6ADAE0020E986 /* Font.swift */,
				294DDE551CA6B6DE0020E986 /* Image.swift */,
				294DDE5C1CA6F9BE0020E986 /* Text.swift */,
				294DDE5E1CA6FB490020E986 /* TextAttributes.swift */,
			);
			path = Constants;
			sourceTree = "<group>";
		};
		294DDE451CA697650020E986 /* Views */ = {
			isa = PBXGroup;
			children = (
				294DDE461CA697800020E986 /* StartView.swift */,
			);
			path = Views;
			sourceTree = "<group>";
		};
		294DDE481CA698790020E986 /* Convenience */ = {
			isa = PBXGroup;
			children = (
				293BF7911CB123B0006CEC43 /* Reachability.swift */,
				294DDE4B1CA6A6F20020E986 /* UIView+Shadow.swift */,
				294DDE641CA9719E0020E986 /* TapViewController.swift */,
				294DDE6D1CAAEBA30020E986 /* DetailButton.swift */,
				293BF7881CB025B1006CEC43 /* API.swift */,
				293BF78A1CB02B1E006CEC43 /* Sugars.swift */,
				2947FC2C1CB2F87600DF058C /* Constraints.swift */,
			);
			path = Convenience;
			sourceTree = "<group>";
		};
		294DDE591CA6F3B90020E986 /* Views */ = {
			isa = PBXGroup;
			children = (
				294DDE5A1CA6F3D80020E986 /* ExplanationView.swift */,
				293BF78F1CB1220E006CEC43 /* OfflineView.swift */,
			);
			path = Views;
			sourceTree = "<group>";
		};
		294DDE661CA9768B0020E986 /* Views */ = {
			isa = PBXGroup;
			children = (
				294DDE671CA976A10020E986 /* EditingView.swift */,
			);
			path = Views;
			sourceTree = "<group>";
		};
		2982B7E71C7BBCE600270C74 = {
			isa = PBXGroup;
			children = (
				2982B7F21C7BBCE600270C74 /* Lights */,
				2982B7F11C7BBCE600270C74 /* Products */,
				27FD729C2832C41FB37E0ACC /* Frameworks */,
				3B8F05106487DBE18A80EEF7 /* Pods */,
			);
			sourceTree = "<group>";
		};
		2982B7F11C7BBCE600270C74 /* Products */ = {
			isa = PBXGroup;
			children = (
				2982B7F01C7BBCE600270C74 /* Lights.app */,
			);
			name = Products;
			sourceTree = "<group>";
		};
		2982B7F21C7BBCE600270C74 /* Lights */ = {
			isa = PBXGroup;
			children = (
				2982B7F31C7BBCE600270C74 /* AppDelegate.swift */,
				294DDE3E1CA6966A0020E986 /* Paired */,
				294DDE3D1CA696500020E986 /* Pairing */,
				294DDE3F1CA6968B0020E986 /* Library */,
				294DDE3C1CA696450020E986 /* Explanation */,
				294DDE3B1CA696390020E986 /* Editing */,
				2982B8051C7BBE1000270C74 /* Resources */,
			);
			path = Lights;
			sourceTree = "<group>";
		};
		2982B8051C7BBE1000270C74 /* Resources */ = {
			isa = PBXGroup;
			children = (
				294DDE511CA6AE4E0020E986 /* Brandon_bld.otf */,
				294DDE691CAAE3B00020E986 /* Brandon_reg.otf */,
				294DDE6A1CAAE3B00020E986 /* Brandon_light.otf */,
				2982B8061C7BBE1000270C74 /* Assets.xcassets */,
				2982B8071C7BBE1000270C74 /* LaunchScreen.storyboard */,
				2982B8091C7BBE1000270C74 /* Info.plist */,
			);
			path = Resources;
			sourceTree = "<group>";
		};
		3B8F05106487DBE18A80EEF7 /* Pods */ = {
			isa = PBXGroup;
			children = (
				A8F6A30DCDF4F964649ED6FB /* Pods-Lights.debug.xcconfig */,
				BE4A362496197B84B17D17C9 /* Pods-Lights.release.xcconfig */,
			);
			name = Pods;
			sourceTree = "<group>";
		};
/* End PBXGroup section */

/* Begin PBXNativeTarget section */
		2982B7EF1C7BBCE600270C74 /* Lights */ = {
			isa = PBXNativeTarget;
			buildConfigurationList = 2982B8021C7BBCE600270C74 /* Build configuration list for PBXNativeTarget "Lights" */;
			buildPhases = (
				BEC29CFC89C3809E5CD0EB2E /* 📦 Check Pods Manifest.lock */,
				2982B7EC1C7BBCE600270C74 /* Sources */,
				2982B7ED1C7BBCE600270C74 /* Frameworks */,
				2982B7EE1C7BBCE600270C74 /* Resources */,
				1D3D7F8F9BDAB5AADBB0756E /* 📦 Embed Pods Frameworks */,
				A14A85E03B5325FD297DE91A /* 📦 Copy Pods Resources */,
			);
			buildRules = (
			);
			dependencies = (
			);
			name = Lights;
			productName = Lights;
			productReference = 2982B7F01C7BBCE600270C74 /* Lights.app */;
			productType = "com.apple.product-type.application";
		};
/* End PBXNativeTarget section */

/* Begin PBXProject section */
		2982B7E81C7BBCE600270C74 /* Project object */ = {
			isa = PBXProject;
			attributes = {
				LastSwiftUpdateCheck = 0720;
				LastUpgradeCheck = 0730;
				ORGANIZATIONNAME = "Black Box Studios";
				TargetAttributes = {
					2982B7EF1C7BBCE600270C74 = {
						CreatedOnToolsVersion = 7.2.1;
						DevelopmentTeam = SGM42FXP52;
					};
				};
			};
			buildConfigurationList = 2982B7EB1C7BBCE600270C74 /* Build configuration list for PBXProject "Lights" */;
			compatibilityVersion = "Xcode 3.2";
			developmentRegion = English;
			hasScannedForEncodings = 0;
			knownRegions = (
				en,
				Base,
			);
			mainGroup = 2982B7E71C7BBCE600270C74;
			productRefGroup = 2982B7F11C7BBCE600270C74 /* Products */;
			projectDirPath = "";
			projectRoot = "";
			targets = (
				2982B7EF1C7BBCE600270C74 /* Lights */,
			);
		};
/* End PBXProject section */

/* Begin PBXResourcesBuildPhase section */
		2982B7EE1C7BBCE600270C74 /* Resources */ = {
			isa = PBXResourcesBuildPhase;
			buildActionMask = 2147483647;
			files = (
				294DDE6B1CAAE3B00020E986 /* Brandon_reg.otf in Resources */,
				294DDE6C1CAAE3B00020E986 /* Brandon_light.otf in Resources */,
				2982B80A1C7BBE1000270C74 /* Assets.xcassets in Resources */,
				2982B80B1C7BBE1000270C74 /* LaunchScreen.storyboard in Resources */,
				294DDE521CA6AE4E0020E986 /* Brandon_bld.otf in Resources */,
			);
			runOnlyForDeploymentPostprocessing = 0;
		};
/* End PBXResourcesBuildPhase section */

/* Begin PBXShellScriptBuildPhase section */
		1D3D7F8F9BDAB5AADBB0756E /* 📦 Embed Pods Frameworks */ = {
			isa = PBXShellScriptBuildPhase;
			buildActionMask = 2147483647;
			files = (
			);
			inputPaths = (
			);
			name = "📦 Embed Pods Frameworks";
			outputPaths = (
			);
			runOnlyForDeploymentPostprocessing = 0;
			shellPath = /bin/sh;
			shellScript = "\"${SRCROOT}/Pods/Target Support Files/Pods-Lights/Pods-Lights-frameworks.sh\"\n";
			showEnvVarsInLog = 0;
		};
		A14A85E03B5325FD297DE91A /* 📦 Copy Pods Resources */ = {
			isa = PBXShellScriptBuildPhase;
			buildActionMask = 2147483647;
			files = (
			);
			inputPaths = (
			);
			name = "📦 Copy Pods Resources";
			outputPaths = (
			);
			runOnlyForDeploymentPostprocessing = 0;
			shellPath = /bin/sh;
			shellScript = "\"${SRCROOT}/Pods/Target Support Files/Pods-Lights/Pods-Lights-resources.sh\"\n";
			showEnvVarsInLog = 0;
		};
		BEC29CFC89C3809E5CD0EB2E /* 📦 Check Pods Manifest.lock */ = {
			isa = PBXShellScriptBuildPhase;
			buildActionMask = 2147483647;
			files = (
			);
			inputPaths = (
			);
			name = "📦 Check Pods Manifest.lock";
			outputPaths = (
			);
			runOnlyForDeploymentPostprocessing = 0;
			shellPath = /bin/sh;
			shellScript = "diff \"${PODS_ROOT}/../Podfile.lock\" \"${PODS_ROOT}/Manifest.lock\" > /dev/null\nif [[ $? != 0 ]] ; then\n    cat << EOM\nerror: The sandbox is not in sync with the Podfile.lock. Run 'pod install' or update your CocoaPods installation.\nEOM\n    exit 1\nfi\n";
			showEnvVarsInLog = 0;
		};
/* End PBXShellScriptBuildPhase section */

/* Begin PBXSourcesBuildPhase section */
		2982B7EC1C7BBCE600270C74 /* Sources */ = {
			isa = PBXSourcesBuildPhase;
			buildActionMask = 2147483647;
			files = (
				294DDE681CA976A20020E986 /* EditingView.swift in Sources */,
				2947FC2B1CB2F0CA00DF058C /* Light.swift in Sources */,
				294DDE421CA696B60020E986 /* LightsController.swift in Sources */,
				294DDE561CA6B6DE0020E986 /* Image.swift in Sources */,
				294DDE4C1CA6A6F20020E986 /* UIView+Shadow.swift in Sources */,
				293BF7851CB020AD006CEC43 /* NetworkMessage.swift in Sources */,
				294DDE501CA6ADAE0020E986 /* Font.swift in Sources */,
				294DDE631CA839D60020E986 /* PairedView.swift in Sources */,
				2982B7F41C7BBCE600270C74 /* AppDelegate.swift in Sources */,
				293BF78B1CB02B1E006CEC43 /* Sugars.swift in Sources */,
				294DDE471CA697800020E986 /* StartView.swift in Sources */,
				294DDE611CA7F9280020E986 /* PairingController.swift in Sources */,
				294DDE651CA9719E0020E986 /* TapViewController.swift in Sources */,
				293BF7831CB01E28006CEC43 /* Network.swift in Sources */,
				293BF7871CB02361006CEC43 /* Request.swift in Sources */,
				293BF7921CB123B0006CEC43 /* Reachability.swift in Sources */,
				294DDE441CA696EF0020E986 /* StartController.swift in Sources */,
				293BF7901CB1220E006CEC43 /* OfflineView.swift in Sources */,
				2947FC2D1CB2F87600DF058C /* Constraints.swift in Sources */,
				293BF7891CB025B1006CEC43 /* API.swift in Sources */,
				294DDE5B1CA6F3D80020E986 /* ExplanationView.swift in Sources */,
				293BF78E1CB02FB8006CEC43 /* Locker.swift in Sources */,
				2947FC301CB2F9D400DF058C /* Bluetooth.swift in Sources */,
				294DDE6E1CAAEBA30020E986 /* DetailButton.swift in Sources */,
				294DDE5D1CA6F9BE0020E986 /* Text.swift in Sources */,
				294DDE4E1CA6A8020020E986 /* Color.swift in Sources */,
				294DDE5F1CA6FB490020E986 /* TextAttributes.swift in Sources */,
			);
			runOnlyForDeploymentPostprocessing = 0;
		};
/* End PBXSourcesBuildPhase section */

/* Begin PBXVariantGroup section */
		2982B8071C7BBE1000270C74 /* LaunchScreen.storyboard */ = {
			isa = PBXVariantGroup;
			children = (
				2982B8081C7BBE1000270C74 /* Base */,
			);
			name = LaunchScreen.storyboard;
			sourceTree = "<group>";
		};
/* End PBXVariantGroup section */

/* Begin XCBuildConfiguration section */
		2982B8001C7BBCE600270C74 /* Debug */ = {
			isa = XCBuildConfiguration;
			buildSettings = {
				ALWAYS_SEARCH_USER_PATHS = NO;
				CLANG_CXX_LANGUAGE_STANDARD = "gnu++0x";
				CLANG_CXX_LIBRARY = "libc++";
				CLANG_ENABLE_MODULES = YES;
				CLANG_ENABLE_OBJC_ARC = YES;
				CLANG_WARN_BOOL_CONVERSION = YES;
				CLANG_WARN_CONSTANT_CONVERSION = YES;
				CLANG_WARN_DIRECT_OBJC_ISA_USAGE = YES_ERROR;
				CLANG_WARN_EMPTY_BODY = YES;
				CLANG_WARN_ENUM_CONVERSION = YES;
				CLANG_WARN_INT_CONVERSION = YES;
				CLANG_WARN_OBJC_ROOT_CLASS = YES_ERROR;
				CLANG_WARN_UNREACHABLE_CODE = YES;
				CLANG_WARN__DUPLICATE_METHOD_MATCH = YES;
				"CODE_SIGN_IDENTITY[sdk=iphoneos*]" = "iPhone Developer";
				COPY_PHASE_STRIP = NO;
				DEBUG_INFORMATION_FORMAT = dwarf;
				ENABLE_STRICT_OBJC_MSGSEND = YES;
				ENABLE_TESTABILITY = YES;
				GCC_C_LANGUAGE_STANDARD = gnu99;
				GCC_DYNAMIC_NO_PIC = NO;
				GCC_NO_COMMON_BLOCKS = YES;
				GCC_OPTIMIZATION_LEVEL = 0;
				GCC_PREPROCESSOR_DEFINITIONS = (
					"DEBUG=1",
					"$(inherited)",
				);
				GCC_WARN_64_TO_32_BIT_CONVERSION = YES;
				GCC_WARN_ABOUT_RETURN_TYPE = YES_ERROR;
				GCC_WARN_UNDECLARED_SELECTOR = YES;
				GCC_WARN_UNINITIALIZED_AUTOS = YES_AGGRESSIVE;
				GCC_WARN_UNUSED_FUNCTION = YES;
				GCC_WARN_UNUSED_VARIABLE = YES;
				IPHONEOS_DEPLOYMENT_TARGET = 9;
				MTL_ENABLE_DEBUG_INFO = YES;
				ONLY_ACTIVE_ARCH = YES;
				SDKROOT = iphoneos;
				SWIFT_OPTIMIZATION_LEVEL = "-Onone";
			};
			name = Debug;
		};
		2982B8011C7BBCE600270C74 /* Release */ = {
			isa = XCBuildConfiguration;
			buildSettings = {
				ALWAYS_SEARCH_USER_PATHS = NO;
				CLANG_CXX_LANGUAGE_STANDARD = "gnu++0x";
				CLANG_CXX_LIBRARY = "libc++";
				CLANG_ENABLE_MODULES = YES;
				CLANG_ENABLE_OBJC_ARC = YES;
				CLANG_WARN_BOOL_CONVERSION = YES;
				CLANG_WARN_CONSTANT_CONVERSION = YES;
				CLANG_WARN_DIRECT_OBJC_ISA_USAGE = YES_ERROR;
				CLANG_WARN_EMPTY_BODY = YES;
				CLANG_WARN_ENUM_CONVERSION = YES;
				CLANG_WARN_INT_CONVERSION = YES;
				CLANG_WARN_OBJC_ROOT_CLASS = YES_ERROR;
				CLANG_WARN_UNREACHABLE_CODE = YES;
				CLANG_WARN__DUPLICATE_METHOD_MATCH = YES;
				"CODE_SIGN_IDENTITY[sdk=iphoneos*]" = "iPhone Developer";
				COPY_PHASE_STRIP = NO;
				DEBUG_INFORMATION_FORMAT = "dwarf-with-dsym";
				ENABLE_NS_ASSERTIONS = NO;
				ENABLE_STRICT_OBJC_MSGSEND = YES;
				GCC_C_LANGUAGE_STANDARD = gnu99;
				GCC_NO_COMMON_BLOCKS = YES;
				GCC_WARN_64_TO_32_BIT_CONVERSION = YES;
				GCC_WARN_ABOUT_RETURN_TYPE = YES_ERROR;
				GCC_WARN_UNDECLARED_SELECTOR = YES;
				GCC_WARN_UNINITIALIZED_AUTOS = YES_AGGRESSIVE;
				GCC_WARN_UNUSED_FUNCTION = YES;
				GCC_WARN_UNUSED_VARIABLE = YES;
				IPHONEOS_DEPLOYMENT_TARGET = 9;
				MTL_ENABLE_DEBUG_INFO = NO;
				SDKROOT = iphoneos;
				VALIDATE_PRODUCT = YES;
			};
			name = Release;
		};
		2982B8031C7BBCE600270C74 /* Debug */ = {
			isa = XCBuildConfiguration;
			baseConfigurationReference = A8F6A30DCDF4F964649ED6FB /* Pods-Lights.debug.xcconfig */;
			buildSettings = {
				ASSETCATALOG_COMPILER_APPICON_NAME = AppIcon;
				CODE_SIGN_IDENTITY = "iPhone Developer";
				"CODE_SIGN_IDENTITY[sdk=iphoneos*]" = "iPhone Developer";
				INFOPLIST_FILE = Lights/Resources/Info.plist;
				IPHONEOS_DEPLOYMENT_TARGET = 9.0;
				LD_RUNPATH_SEARCH_PATHS = "$(inherited) @executable_path/Frameworks";
				PRODUCT_BUNDLE_IDENTIFIER = com.blackBox.Lights;
				PRODUCT_NAME = "$(TARGET_NAME)";
				PROVISIONING_PROFILE = "";
			};
			name = Debug;
		};
		2982B8041C7BBCE600270C74 /* Release */ = {
			isa = XCBuildConfiguration;
			baseConfigurationReference = BE4A362496197B84B17D17C9 /* Pods-Lights.release.xcconfig */;
			buildSettings = {
				ASSETCATALOG_COMPILER_APPICON_NAME = AppIcon;
				CODE_SIGN_IDENTITY = "iPhone Developer";
				"CODE_SIGN_IDENTITY[sdk=iphoneos*]" = "iPhone Developer";
				INFOPLIST_FILE = Lights/Resources/Info.plist;
				IPHONEOS_DEPLOYMENT_TARGET = 9.0;
				LD_RUNPATH_SEARCH_PATHS = "$(inherited) @executable_path/Frameworks";
				PRODUCT_BUNDLE_IDENTIFIER = com.blackBox.Lights;
				PRODUCT_NAME = "$(TARGET_NAME)";
				PROVISIONING_PROFILE = "";
			};
			name = Release;
		};
/* End XCBuildConfiguration section */

/* Begin XCConfigurationList section */
		2982B7EB1C7BBCE600270C74 /* Build configuration list for PBXProject "Lights" */ = {
			isa = XCConfigurationList;
			buildConfigurations = (
				2982B8001C7BBCE600270C74 /* Debug */,
				2982B8011C7BBCE600270C74 /* Release */,
			);
			defaultConfigurationIsVisible = 0;
			defaultConfigurationName = Release;
		};
		2982B8021C7BBCE600270C74 /* Build configuration list for PBXNativeTarget "Lights" */ = {
			isa = XCConfigurationList;
			buildConfigurations = (
				2982B8031C7BBCE600270C74 /* Debug */,
				2982B8041C7BBCE600270C74 /* Release */,
			);
			defaultConfigurationIsVisible = 0;
			defaultConfigurationName = Release;
		};
/* End XCConfigurationList section */
	};
	rootObject = 2982B7E81C7BBCE600270C74 /* Project object */;
}
