PODS:
  - Morgan (0.9.1):
    - Walker
  - Ripple (1.0)
  - Walker (0.9.1)

DEPENDENCIES:
  - Morgan
  - Ripple

SPEC CHECKSUMS:
  Morgan: 9cb6cdfd5eaafcdc98af5c05620cad575ace77de
  Ripple: 2605b14604f22f9faa3272ec765c9793eff1e85a
  Walker: 9a765e7f35adb19ce59079e26d425c1e8c463241

COCOAPODS: 0.39.0.beta.4
